
Microsoft Visual Studio Solution File, Format Version 12.00
# Visual Studio 15
Project("{FAE04EC0-301F-11D3-BF4B-00C04F79EFBC}") = "Assembly-CSharp", "Assembly-CSharp.csproj", "{45CB7730-1180-063D-0AF2-07BA83EFA9CF}"
EndProject
Project("{FAE04EC0-301F-11D3-BF4B-00C04F79EFBC}") = "Assembly-CSharp-Editor", "Assembly-CSharp-Editor.csproj", "{806E9827-E908-0823-0B20-2E9709FDE601}"
EndProject
Global
	GlobalSection(SolutionConfigurationPlatforms) = preSolution
		Debug|Any CPU = Debug|Any CPU
		Release|Any CPU = Release|Any CPU
	EndGlobalSection
	GlobalSection(ProjectConfigurationPlatforms) = postSolution
		{45CB7730-1180-063D-0AF2-07BA83EFA9CF}.Debug|Any CPU.ActiveCfg = Debug|Any CPU
		{45CB7730-1180-063D-0AF2-07BA83EFA9CF}.Debug|Any CPU.Build.0 = Debug|Any CPU
		{45CB7730-1180-063D-0AF2-07BA83EFA9CF}.Release|Any CPU.ActiveCfg = Release|Any CPU
		{45CB7730-1180-063D-0AF2-07BA83EFA9CF}.Release|Any CPU.Build.0 = Release|Any CPU
		{806E9827-E908-0823-0B20-2E9709FDE601}.Debug|Any CPU.ActiveCfg = Debug|Any CPU
		{806E9827-E908-0823-0B20-2E9709FDE601}.Debug|Any CPU.Build.0 = Debug|Any CPU
		{806E9827-E908-0823-0B20-2E9709FDE601}.Release|Any CPU.ActiveCfg = Release|Any CPU
		{806E9827-E908-0823-0B20-2E9709FDE601}.Release|Any CPU.Build.0 = Release|Any CPU
	EndGlobalSection
	GlobalSection(SolutionProperties) = preSolution
		HideSolutionNode = FALSE
	EndGlobalSection
EndGlobal
