
Microsoft Visual Studio Solution File, Format Version 12.00
# Visual Studio 15
Project("{FAE04EC0-301F-11D3-BF4B-00C04F79EFBC}") = "Assembly-CSharp", "Assembly-CSharp.csproj", "{1074F45A-98B1-C776-CE00-4DC492CF23E2}"
EndProject
Project("{FAE04EC0-301F-11D3-BF4B-00C04F79EFBC}") = "Assembly-CSharp-Editor", "Assembly-CSharp-Editor.csproj", "{8F7AC588-A167-6A6A-DD57-A028F5BFD4ED}"
EndProject
Global
	GlobalSection(SolutionConfigurationPlatforms) = preSolution
		Debug|Any CPU = Debug|Any CPU
		Release|Any CPU = Release|Any CPU
	EndGlobalSection
	GlobalSection(ProjectConfigurationPlatforms) = postSolution
		{1074F45A-98B1-C776-CE00-4DC492CF23E2}.Debug|Any CPU.ActiveCfg = Debug|Any CPU
		{1074F45A-98B1-C776-CE00-4DC492CF23E2}.Debug|Any CPU.Build.0 = Debug|Any CPU
		{1074F45A-98B1-C776-CE00-4DC492CF23E2}.Release|Any CPU.ActiveCfg = Release|Any CPU
		{1074F45A-98B1-C776-CE00-4DC492CF23E2}.Release|Any CPU.Build.0 = Release|Any CPU
		{8F7AC588-A167-6A6A-DD57-A028F5BFD4ED}.Debug|Any CPU.ActiveCfg = Debug|Any CPU
		{8F7AC588-A167-6A6A-DD57-A028F5BFD4ED}.Debug|Any CPU.Build.0 = Debug|Any CPU
		{8F7AC588-A167-6A6A-DD57-A028F5BFD4ED}.Release|Any CPU.ActiveCfg = Release|Any CPU
		{8F7AC588-A167-6A6A-DD57-A028F5BFD4ED}.Release|Any CPU.Build.0 = Release|Any CPU
	EndGlobalSection
	GlobalSection(SolutionProperties) = preSolution
		HideSolutionNode = FALSE
	EndGlobalSection
EndGlobal
